
Microsoft Visual Studio Solution File, Format Version 12.00
# Visual Studio Version 16
VisualStudioVersion = 16.0.32802.440
MinimumVisualStudioVersion = 10.0.40219.1
Project("{FAE04EC0-301F-11D3-BF4B-00C04F79EFBC}") = "college_application_form", "college_application_form.csproj", "{BECA72D8-A486-4A5B-B083-11EFE5169F3A}"
EndProject
Global
	GlobalSection(SolutionConfigurationPlatforms) = preSolution
		Debug|Any CPU = Debug|Any CPU
		Release|Any CPU = Release|Any CPU
	EndGlobalSection
	GlobalSection(ProjectConfigurationPlatforms) = postSolution
		{BECA72D8-A486-4A5B-B083-11EFE5169F3A}.Debug|Any CPU.ActiveCfg = Debug|Any CPU
		{BECA72D8-A486-4A5B-B083-11EFE5169F3A}.Debug|Any CPU.Build.0 = Debug|Any CPU
		{BECA72D8-A486-4A5B-B083-11EFE5169F3A}.Release|Any CPU.ActiveCfg = Release|Any CPU
		{BECA72D8-A486-4A5B-B083-11EFE5169F3A}.Release|Any CPU.Build.0 = Release|Any CPU
	EndGlobalSection
	GlobalSection(SolutionProperties) = preSolution
		HideSolutionNode = FALSE
	EndGlobalSection
	GlobalSection(ExtensibilityGlobals) = postSolution
		SolutionGuid = {B6D0F2F9-7917-4EF6-A896-A49F3C6EEB9E}
	EndGlobalSection
EndGlobal
